// !$*UTF8*$!
{
	archiveVersion = 1;
	classes = {
	};
	objectVersion = 55;
	objects = {

/* Begin PBXBuildFile section */
		690ECD9B291D388000BBA8D9 /* StationResponseModel.swift in Sources */ = {isa = PBXBuildFile; fileRef = 690ECD9A291D388000BBA8D9 /* StationResponseModel.swift */; };
		69607323291BE90800A9F750 /* StationDetailViewController.swift in Sources */ = {isa = PBXBuildFile; fileRef = 69607322291BE90800A9F750 /* StationDetailViewController.swift */; };
		69607326291BEA9000A9F750 /* StationSearchViewController.swift in Sources */ = {isa = PBXBuildFile; fileRef = 69607325291BEA9000A9F750 /* StationSearchViewController.swift */; };
		69607328291BEE2A00A9F750 /* StationDetailCollectionViewCell.swift in Sources */ = {isa = PBXBuildFile; fileRef = 69607327291BEE2A00A9F750 /* StationDetailCollectionViewCell.swift */; };
		6966D4B829699DF900920606 /* StartViewController.swift in Sources */ = {isa = PBXBuildFile; fileRef = 6966D4B729699DF900920606 /* StartViewController.swift */; };
		69A598BB291E856A005BF834 /* StationArrivalDateResponseModel.swift in Sources */ = {isa = PBXBuildFile; fileRef = 69A598BA291E856A005BF834 /* StationArrivalDateResponseModel.swift */; };
		69B0E72D291A81CD003E89AC /* AppDelegate.swift in Sources */ = {isa = PBXBuildFile; fileRef = 69B0E72C291A81CD003E89AC /* AppDelegate.swift */; };
		69B0E72F291A81CD003E89AC /* SceneDelegate.swift in Sources */ = {isa = PBXBuildFile; fileRef = 69B0E72E291A81CD003E89AC /* SceneDelegate.swift */; };
		69B0E736291A81D0003E89AC /* Assets.xcassets in Resources */ = {isa = PBXBuildFile; fileRef = 69B0E735291A81D0003E89AC /* Assets.xcassets */; };
		69B0E739291A81D0003E89AC /* LaunchScreen.storyboard in Resources */ = {isa = PBXBuildFile; fileRef = 69B0E737291A81D0003E89AC /* LaunchScreen.storyboard */; };
		69B0E742291A830E003E89AC /* SnapKit in Frameworks */ = {isa = PBXBuildFile; productRef = 69B0E741291A830E003E89AC /* SnapKit */; };
		69B0E745291A8349003E89AC /* Alamofire in Frameworks */ = {isa = PBXBuildFile; productRef = 69B0E744291A8349003E89AC /* Alamofire */; };
/* End PBXBuildFile section */

/* Begin PBXFileReference section */
		690ECD9A291D388000BBA8D9 /* StationResponseModel.swift */ = {isa = PBXFileReference; lastKnownFileType = sourcecode.swift; path = StationResponseModel.swift; sourceTree = "<group>"; };
		69607322291BE90800A9F750 /* StationDetailViewController.swift */ = {isa = PBXFileReference; lastKnownFileType = sourcecode.swift; path = StationDetailViewController.swift; sourceTree = "<group>"; };
		69607325291BEA9000A9F750 /* StationSearchViewController.swift */ = {isa = PBXFileReference; lastKnownFileType = sourcecode.swift; path = StationSearchViewController.swift; sourceTree = "<group>"; };
		69607327291BEE2A00A9F750 /* StationDetailCollectionViewCell.swift */ = {isa = PBXFileReference; lastKnownFileType = sourcecode.swift; path = StationDetailCollectionViewCell.swift; sourceTree = "<group>"; };
		6966D4B729699DF900920606 /* StartViewController.swift */ = {isa = PBXFileReference; lastKnownFileType = sourcecode.swift; path = StartViewController.swift; sourceTree = "<group>"; };
		69A598BA291E856A005BF834 /* StationArrivalDateResponseModel.swift */ = {isa = PBXFileReference; lastKnownFileType = sourcecode.swift; path = StationArrivalDateResponseModel.swift; sourceTree = "<group>"; };
		69B0E729291A81CD003E89AC /* SubwayStation.app */ = {isa = PBXFileReference; explicitFileType = wrapper.application; includeInIndex = 0; path = SubwayStation.app; sourceTree = BUILT_PRODUCTS_DIR; };
		69B0E72C291A81CD003E89AC /* AppDelegate.swift */ = {isa = PBXFileReference; lastKnownFileType = sourcecode.swift; path = AppDelegate.swift; sourceTree = "<group>"; };
		69B0E72E291A81CD003E89AC /* SceneDelegate.swift */ = {isa = PBXFileReference; lastKnownFileType = sourcecode.swift; path = SceneDelegate.swift; sourceTree = "<group>"; };
		69B0E735291A81D0003E89AC /* Assets.xcassets */ = {isa = PBXFileReference; lastKnownFileType = folder.assetcatalog; path = Assets.xcassets; sourceTree = "<group>"; };
		69B0E738291A81D0003E89AC /* Base */ = {isa = PBXFileReference; lastKnownFileType = file.storyboard; name = Base; path = Base.lproj/LaunchScreen.storyboard; sourceTree = "<group>"; };
		69B0E73A291A81D0003E89AC /* Info.plist */ = {isa = PBXFileReference; lastKnownFileType = text.plist.xml; path = Info.plist; sourceTree = "<group>"; };
/* End PBXFileReference section */

/* Begin PBXFrameworksBuildPhase section */
		69B0E726291A81CD003E89AC /* Frameworks */ = {
			isa = PBXFrameworksBuildPhase;
			buildActionMask = 2147483647;
			files = (
				69B0E742291A830E003E89AC /* SnapKit in Frameworks */,
				69B0E745291A8349003E89AC /* Alamofire in Frameworks */,
			);
			runOnlyForDeploymentPostprocessing = 0;
		};
/* End PBXFrameworksBuildPhase section */

/* Begin PBXGroup section */
		69607324291BE90D00A9F750 /* Scenes */ = {
			isa = PBXGroup;
			children = (
				69607325291BEA9000A9F750 /* StationSearchViewController.swift */,
				69607322291BE90800A9F750 /* StationDetailViewController.swift */,
				69607327291BEE2A00A9F750 /* StationDetailCollectionViewCell.swift */,
			);
			path = Scenes;
			sourceTree = "<group>";
		};
		69B0E720291A81CD003E89AC = {
			isa = PBXGroup;
			children = (
				69B0E72B291A81CD003E89AC /* SubwayStation */,
				69B0E72A291A81CD003E89AC /* Products */,
			);
			sourceTree = "<group>";
		};
		69B0E72A291A81CD003E89AC /* Products */ = {
			isa = PBXGroup;
			children = (
				69B0E729291A81CD003E89AC /* SubwayStation.app */,
			);
			name = Products;
			sourceTree = "<group>";
		};
		69B0E72B291A81CD003E89AC /* SubwayStation */ = {
			isa = PBXGroup;
			children = (
				69B0E72C291A81CD003E89AC /* AppDelegate.swift */,
				69B0E72E291A81CD003E89AC /* SceneDelegate.swift */,
				69B0E735291A81D0003E89AC /* Assets.xcassets */,
				69B0E737291A81D0003E89AC /* LaunchScreen.storyboard */,
				69B0E73A291A81D0003E89AC /* Info.plist */,
				690ECD9A291D388000BBA8D9 /* StationResponseModel.swift */,
				69A598BA291E856A005BF834 /* StationArrivalDateResponseModel.swift */,
				6966D4B729699DF900920606 /* StartViewController.swift */,
				69607324291BE90D00A9F750 /* Scenes */,
			);
			path = SubwayStation;
			sourceTree = "<group>";
		};
/* End PBXGroup section */

/* Begin PBXNativeTarget section */
		69B0E728291A81CD003E89AC /* SubwayStation */ = {
			isa = PBXNativeTarget;
			buildConfigurationList = 69B0E73D291A81D0003E89AC /* Build configuration list for PBXNativeTarget "SubwayStation" */;
			buildPhases = (
				69B0E725291A81CD003E89AC /* Sources */,
				69B0E726291A81CD003E89AC /* Frameworks */,
				69B0E727291A81CD003E89AC /* Resources */,
			);
			buildRules = (
			);
			dependencies = (
			);
			name = SubwayStation;
			packageProductDependencies = (
				69B0E741291A830E003E89AC /* SnapKit */,
				69B0E744291A8349003E89AC /* Alamofire */,
			);
			productName = SubwayStation;
			productReference = 69B0E729291A81CD003E89AC /* SubwayStation.app */;
			productType = "com.apple.product-type.application";
		};
/* End PBXNativeTarget section */

/* Begin PBXProject section */
		69B0E721291A81CD003E89AC /* Project object */ = {
			isa = PBXProject;
			attributes = {
				BuildIndependentTargetsInParallel = 1;
				LastSwiftUpdateCheck = 1340;
				LastUpgradeCheck = 1340;
				TargetAttributes = {
					69B0E728291A81CD003E89AC = {
						CreatedOnToolsVersion = 13.4.1;
					};
				};
			};
			buildConfigurationList = 69B0E724291A81CD003E89AC /* Build configuration list for PBXProject "SubwayStation" */;
			compatibilityVersion = "Xcode 13.0";
			developmentRegion = en;
			hasScannedForEncodings = 0;
			knownRegions = (
				en,
				Base,
			);
			mainGroup = 69B0E720291A81CD003E89AC;
			packageReferences = (
				69B0E740291A830E003E89AC /* XCRemoteSwiftPackageReference "SnapKit" */,
				69B0E743291A8349003E89AC /* XCRemoteSwiftPackageReference "Alamofire" */,
			);
			productRefGroup = 69B0E72A291A81CD003E89AC /* Products */;
			projectDirPath = "";
			projectRoot = "";
			targets = (
				69B0E728291A81CD003E89AC /* SubwayStation */,
			);
		};
/* End PBXProject section */

/* Begin PBXResourcesBuildPhase section */
		69B0E727291A81CD003E89AC /* Resources */ = {
			isa = PBXResourcesBuildPhase;
			buildActionMask = 2147483647;
			files = (
				69B0E739291A81D0003E89AC /* LaunchScreen.storyboard in Resources */,
				69B0E736291A81D0003E89AC /* Assets.xcassets in Resources */,
			);
			runOnlyForDeploymentPostprocessing = 0;
		};
/* End PBXResourcesBuildPhase section */

/* Begin PBXSourcesBuildPhase section */
		69B0E725291A81CD003E89AC /* Sources */ = {
			isa = PBXSourcesBuildPhase;
			buildActionMask = 2147483647;
			files = (
				69607323291BE90800A9F750 /* StationDetailViewController.swift in Sources */,
				6966D4B829699DF900920606 /* StartViewController.swift in Sources */,
				690ECD9B291D388000BBA8D9 /* StationResponseModel.swift in Sources */,
				69B0E72D291A81CD003E89AC /* AppDelegate.swift in Sources */,
				69607326291BEA9000A9F750 /* StationSearchViewController.swift in Sources */,
				69607328291BEE2A00A9F750 /* StationDetailCollectionViewCell.swift in Sources */,
				69A598BB291E856A005BF834 /* StationArrivalDateResponseModel.swift in Sources */,
				69B0E72F291A81CD003E89AC /* SceneDelegate.swift in Sources */,
			);
			runOnlyForDeploymentPostprocessing = 0;
		};
/* End PBXSourcesBuildPhase section */

/* Begin PBXVariantGroup section */
		69B0E737291A81D0003E89AC /* LaunchScreen.storyboard */ = {
			isa = PBXVariantGroup;
			children = (
				69B0E738291A81D0003E89AC /* Base */,
			);
			name = LaunchScreen.storyboard;
			sourceTree = "<group>";
		};
/* End PBXVariantGroup section */

/* Begin XCBuildConfiguration section */
		69B0E73B291A81D0003E89AC /* Debug */ = {
			isa = XCBuildConfiguration;
			buildSettings = {
				ALWAYS_SEARCH_USER_PATHS = NO;
				CLANG_ANALYZER_NONNULL = YES;
				CLANG_ANALYZER_NUMBER_OBJECT_CONVERSION = YES_AGGRESSIVE;
				CLANG_CXX_LANGUAGE_STANDARD = "gnu++17";
				CLANG_ENABLE_MODULES = YES;
				CLANG_ENABLE_OBJC_ARC = YES;
				CLANG_ENABLE_OBJC_WEAK = YES;
				CLANG_WARN_BLOCK_CAPTURE_AUTORELEASING = YES;
				CLANG_WARN_BOOL_CONVERSION = YES;
				CLANG_WARN_COMMA = YES;
				CLANG_WARN_CONSTANT_CONVERSION = YES;
				CLANG_WARN_DEPRECATED_OBJC_IMPLEMENTATIONS = YES;
				CLANG_WARN_DIRECT_OBJC_ISA_USAGE = YES_ERROR;
				CLANG_WARN_DOCUMENTATION_COMMENTS = YES;
				CLANG_WARN_EMPTY_BODY = YES;
				CLANG_WARN_ENUM_CONVERSION = YES;
				CLANG_WARN_INFINITE_RECURSION = YES;
				CLANG_WARN_INT_CONVERSION = YES;
				CLANG_WARN_NON_LITERAL_NULL_CONVERSION = YES;
				CLANG_WARN_OBJC_IMPLICIT_RETAIN_SELF = YES;
				CLANG_WARN_OBJC_LITERAL_CONVERSION = YES;
				CLANG_WARN_OBJC_ROOT_CLASS = YES_ERROR;
				CLANG_WARN_QUOTED_INCLUDE_IN_FRAMEWORK_HEADER = YES;
				CLANG_WARN_RANGE_LOOP_ANALYSIS = YES;
				CLANG_WARN_STRICT_PROTOTYPES = YES;
				CLANG_WARN_SUSPICIOUS_MOVE = YES;
				CLANG_WARN_UNGUARDED_AVAILABILITY = YES_AGGRESSIVE;
				CLANG_WARN_UNREACHABLE_CODE = YES;
				CLANG_WARN__DUPLICATE_METHOD_MATCH = YES;
				COPY_PHASE_STRIP = NO;
				DEBUG_INFORMATION_FORMAT = dwarf;
				ENABLE_STRICT_OBJC_MSGSEND = YES;
				ENABLE_TESTABILITY = YES;
				GCC_C_LANGUAGE_STANDARD = gnu11;
				GCC_DYNAMIC_NO_PIC = NO;
				GCC_NO_COMMON_BLOCKS = YES;
				GCC_OPTIMIZATION_LEVEL = 0;
				GCC_PREPROCESSOR_DEFINITIONS = (
					"DEBUG=1",
					"$(inherited)",
				);
				GCC_WARN_64_TO_32_BIT_CONVERSION = YES;
				GCC_WARN_ABOUT_RETURN_TYPE = YES_ERROR;
				GCC_WARN_UNDECLARED_SELECTOR = YES;
				GCC_WARN_UNINITIALIZED_AUTOS = YES_AGGRESSIVE;
				GCC_WARN_UNUSED_FUNCTION = YES;
				GCC_WARN_UNUSED_VARIABLE = YES;
				IPHONEOS_DEPLOYMENT_TARGET = 15.5;
				MTL_ENABLE_DEBUG_INFO = INCLUDE_SOURCE;
				MTL_FAST_MATH = YES;
				ONLY_ACTIVE_ARCH = YES;
				SDKROOT = iphoneos;
				SWIFT_ACTIVE_COMPILATION_CONDITIONS = DEBUG;
				SWIFT_OPTIMIZATION_LEVEL = "-Onone";
			};
			name = Debug;
		};
		69B0E73C291A81D0003E89AC /* Release */ = {
			isa = XCBuildConfiguration;
			buildSettings = {
				ALWAYS_SEARCH_USER_PATHS = NO;
				CLANG_ANALYZER_NONNULL = YES;
				CLANG_ANALYZER_NUMBER_OBJECT_CONVERSION = YES_AGGRESSIVE;
				CLANG_CXX_LANGUAGE_STANDARD = "gnu++17";
				CLANG_ENABLE_MODULES = YES;
				CLANG_ENABLE_OBJC_ARC = YES;
				CLANG_ENABLE_OBJC_WEAK = YES;
				CLANG_WARN_BLOCK_CAPTURE_AUTORELEASING = YES;
				CLANG_WARN_BOOL_CONVERSION = YES;
				CLANG_WARN_COMMA = YES;
				CLANG_WARN_CONSTANT_CONVERSION = YES;
				CLANG_WARN_DEPRECATED_OBJC_IMPLEMENTATIONS = YES;
				CLANG_WARN_DIRECT_OBJC_ISA_USAGE = YES_ERROR;
				CLANG_WARN_DOCUMENTATION_COMMENTS = YES;
				CLANG_WARN_EMPTY_BODY = YES;
				CLANG_WARN_ENUM_CONVERSION = YES;
				CLANG_WARN_INFINITE_RECURSION = YES;
				CLANG_WARN_INT_CONVERSION = YES;
				CLANG_WARN_NON_LITERAL_NULL_CONVERSION = YES;
				CLANG_WARN_OBJC_IMPLICIT_RETAIN_SELF = YES;
				CLANG_WARN_OBJC_LITERAL_CONVERSION = YES;
				CLANG_WARN_OBJC_ROOT_CLASS = YES_ERROR;
				CLANG_WARN_QUOTED_INCLUDE_IN_FRAMEWORK_HEADER = YES;
				CLANG_WARN_RANGE_LOOP_ANALYSIS = YES;
				CLANG_WARN_STRICT_PROTOTYPES = YES;
				CLANG_WARN_SUSPICIOUS_MOVE = YES;
				CLANG_WARN_UNGUARDED_AVAILABILITY = YES_AGGRESSIVE;
				CLANG_WARN_UNREACHABLE_CODE = YES;
				CLANG_WARN__DUPLICATE_METHOD_MATCH = YES;
				COPY_PHASE_STRIP = NO;
				DEBUG_INFORMATION_FORMAT = "dwarf-with-dsym";
				ENABLE_NS_ASSERTIONS = NO;
				ENABLE_STRICT_OBJC_MSGSEND = YES;
				GCC_C_LANGUAGE_STANDARD = gnu11;
				GCC_NO_COMMON_BLOCKS = YES;
				GCC_WARN_64_TO_32_BIT_CONVERSION = YES;
				GCC_WARN_ABOUT_RETURN_TYPE = YES_ERROR;
				GCC_WARN_UNDECLARED_SELECTOR = YES;
				GCC_WARN_UNINITIALIZED_AUTOS = YES_AGGRESSIVE;
				GCC_WARN_UNUSED_FUNCTION = YES;
				GCC_WARN_UNUSED_VARIABLE = YES;
				IPHONEOS_DEPLOYMENT_TARGET = 15.5;
				MTL_ENABLE_DEBUG_INFO = NO;
				MTL_FAST_MATH = YES;
				SDKROOT = iphoneos;
				SWIFT_COMPILATION_MODE = wholemodule;
				SWIFT_OPTIMIZATION_LEVEL = "-O";
				VALIDATE_PRODUCT = YES;
			};
			name = Release;
		};
		69B0E73E291A81D0003E89AC /* Debug */ = {
			isa = XCBuildConfiguration;
			buildSettings = {
				ASSETCATALOG_COMPILER_APPICON_NAME = AppIcon;
				ASSETCATALOG_COMPILER_GLOBAL_ACCENT_COLOR_NAME = AccentColor;
				CODE_SIGN_STYLE = Automatic;
				CURRENT_PROJECT_VERSION = 1;
				DEVELOPMENT_TEAM = 9UU9HXMP4Y;
				GENERATE_INFOPLIST_FILE = YES;
				INFOPLIST_FILE = SubwayStation/Info.plist;
				INFOPLIST_KEY_UIApplicationSupportsIndirectInputEvents = YES;
				INFOPLIST_KEY_UILaunchStoryboardName = LaunchScreen;
				INFOPLIST_KEY_UISupportedInterfaceOrientations_iPad = "UIInterfaceOrientationPortrait UIInterfaceOrientationPortraitUpsideDown UIInterfaceOrientationLandscapeLeft UIInterfaceOrientationLandscapeRight";
				INFOPLIST_KEY_UISupportedInterfaceOrientations_iPhone = "UIInterfaceOrientationPortrait UIInterfaceOrientationLandscapeLeft UIInterfaceOrientationLandscapeRight";
				LD_RUNPATH_SEARCH_PATHS = (
					"$(inherited)",
					"@executable_path/Frameworks",
				);
				MARKETING_VERSION = 1.0;
				PRODUCT_BUNDLE_IDENTIFIER = com.Seongzzang.SubwayStation;
				PRODUCT_NAME = "$(TARGET_NAME)";
				SWIFT_EMIT_LOC_STRINGS = YES;
				SWIFT_VERSION = 5.0;
				TARGETED_DEVICE_FAMILY = "1,2";
			};
			name = Debug;
		};
		69B0E73F291A81D0003E89AC /* Release */ = {
			isa = XCBuildConfiguration;
			buildSettings = {
				ASSETCATALOG_COMPILER_APPICON_NAME = AppIcon;
				ASSETCATALOG_COMPILER_GLOBAL_ACCENT_COLOR_NAME = AccentColor;
				CODE_SIGN_STYLE = Automatic;
				CURRENT_PROJECT_VERSION = 1;
				DEVELOPMENT_TEAM = 9UU9HXMP4Y;
				GENERATE_INFOPLIST_FILE = YES;
				INFOPLIST_FILE = SubwayStation/Info.plist;
				INFOPLIST_KEY_UIApplicationSupportsIndirectInputEvents = YES;
				INFOPLIST_KEY_UILaunchStoryboardName = LaunchScreen;
				INFOPLIST_KEY_UISupportedInterfaceOrientations_iPad = "UIInterfaceOrientationPortrait UIInterfaceOrientationPortraitUpsideDown UIInterfaceOrientationLandscapeLeft UIInterfaceOrientationLandscapeRight";
				INFOPLIST_KEY_UISupportedInterfaceOrientations_iPhone = "UIInterfaceOrientationPortrait UIInterfaceOrientationLandscapeLeft UIInterfaceOrientationLandscapeRight";
				LD_RUNPATH_SEARCH_PATHS = (
					"$(inherited)",
					"@executable_path/Frameworks",
				);
				MARKETING_VERSION = 1.0;
				PRODUCT_BUNDLE_IDENTIFIER = com.Seongzzang.SubwayStation;
				PRODUCT_NAME = "$(TARGET_NAME)";
				SWIFT_EMIT_LOC_STRINGS = YES;
				SWIFT_VERSION = 5.0;
				TARGETED_DEVICE_FAMILY = "1,2";
			};
			name = Release;
		};
/* End XCBuildConfiguration section */

/* Begin XCConfigurationList section */
		69B0E724291A81CD003E89AC /* Build configuration list for PBXProject "SubwayStation" */ = {
			isa = XCConfigurationList;
			buildConfigurations = (
				69B0E73B291A81D0003E89AC /* Debug */,
				69B0E73C291A81D0003E89AC /* Release */,
			);
			defaultConfigurationIsVisible = 0;
			defaultConfigurationName = Release;
		};
		69B0E73D291A81D0003E89AC /* Build configuration list for PBXNativeTarget "SubwayStation" */ = {
			isa = XCConfigurationList;
			buildConfigurations = (
				69B0E73E291A81D0003E89AC /* Debug */,
				69B0E73F291A81D0003E89AC /* Release */,
			);
			defaultConfigurationIsVisible = 0;
			defaultConfigurationName = Release;
		};
/* End XCConfigurationList section */

/* Begin XCRemoteSwiftPackageReference section */
		69B0E740291A830E003E89AC /* XCRemoteSwiftPackageReference "SnapKit" */ = {
			isa = XCRemoteSwiftPackageReference;
			repositoryURL = "https://github.com/SnapKit/SnapKit.git";
			requirement = {
				kind = upToNextMajorVersion;
				minimumVersion = 5.0.0;
			};
		};
		69B0E743291A8349003E89AC /* XCRemoteSwiftPackageReference "Alamofire" */ = {
			isa = XCRemoteSwiftPackageReference;
			repositoryURL = "https://github.com/Alamofire/Alamofire";
			requirement = {
				kind = upToNextMajorVersion;
				minimumVersion = 5.0.0;
			};
		};
/* End XCRemoteSwiftPackageReference section */

/* Begin XCSwiftPackageProductDependency section */
		69B0E741291A830E003E89AC /* SnapKit */ = {
			isa = XCSwiftPackageProductDependency;
			package = 69B0E740291A830E003E89AC /* XCRemoteSwiftPackageReference "SnapKit" */;
			productName = SnapKit;
		};
		69B0E744291A8349003E89AC /* Alamofire */ = {
			isa = XCSwiftPackageProductDependency;
			package = 69B0E743291A8349003E89AC /* XCRemoteSwiftPackageReference "Alamofire" */;
			productName = Alamofire;
		};
/* End XCSwiftPackageProductDependency section */
	};
	rootObject = 69B0E721291A81CD003E89AC /* Project object */;
}
